{
  "name": "codoxlib",
  "version": "0.0.0",
  "lockfileVersion": 3,
  "requires": true,
  "packages": {
    "": {
      "name": "codoxlib",
      "version": "0.0.0",
      "license": "ISC",
      "dependencies": {
        "@codoxhq/quill-provider": "^1.0.1"
      }
    },
    "node_modules/@codoxhq/quill-provider": {
      "version": "1.0.1",
      "resolved": "https://registry.npmjs.org/@codoxhq/quill-provider/-/quill-provider-1.0.1.tgz",
      "integrity": "sha512-iTJ0Rlt+Si3k0bUMofuoc1FuGJXbrGRJrRZfbpgGFd/7dkVK6ip/H6uzwUNeTcKIuuSIsllpppnuxehEdmRByg==",
      "license": "See index.js"
    }
  }
}
